// !$*UTF8*$!
{
	archiveVersion = 1;
	classes = {
	};
	objectVersion = 50;
	objects = {

/* Begin PBXBuildFile section */
		4953B9DE2517698B005BBCCC /* SceneDelegate.swift in Sources */ = {isa = PBXBuildFile; fileRef = 4953B9DD2517698B005BBCCC /* SceneDelegate.swift */; };
		4953B9E02517698B005BBCCC /* CategoriesVC.swift in Sources */ = {isa = PBXBuildFile; fileRef = 4953B9DF2517698B005BBCCC /* CategoriesVC.swift */; };
		4953B9E32517698B005BBCCC /* Main.storyboard in Resources */ = {isa = PBXBuildFile; fileRef = 4953B9E12517698B005BBCCC /* Main.storyboard */; };
		4953B9E52517698B005BBCCC /* Assets.xcassets in Resources */ = {isa = PBXBuildFile; fileRef = 4953B9E42517698B005BBCCC /* Assets.xcassets */; };
		4953B9E82517698B005BBCCC /* LaunchScreen.storyboard in Resources */ = {isa = PBXBuildFile; fileRef = 4953B9E62517698B005BBCCC /* LaunchScreen.storyboard */; };
		4953B9F625176E78005BBCCC /* CategoryCell.swift in Sources */ = {isa = PBXBuildFile; fileRef = 4953B9F525176E78005BBCCC /* CategoryCell.swift */; };
		49D3AAE0251791D60093A69B /* AppDelegate.swift in Sources */ = {isa = PBXBuildFile; fileRef = 49D3AADF251791D60093A69B /* AppDelegate.swift */; };
		49D5AD072517912600ECA745 /* DataService.swift in Sources */ = {isa = PBXBuildFile; fileRef = 49D5AD062517912600ECA745 /* DataService.swift */; };
		49D5AD0A2517913100ECA745 /* Category.swift in Sources */ = {isa = PBXBuildFile; fileRef = 49D5AD092517913100ECA745 /* Category.swift */; };
/* End PBXBuildFile section */

/* Begin PBXFileReference section */
		4953B9D82517698B005BBCCC /* tableview-app.app */ = {isa = PBXFileReference; explicitFileType = wrapper.application; includeInIndex = 0; path = "tableview-app.app"; sourceTree = BUILT_PRODUCTS_DIR; };
		4953B9DD2517698B005BBCCC /* SceneDelegate.swift */ = {isa = PBXFileReference; lastKnownFileType = sourcecode.swift; path = SceneDelegate.swift; sourceTree = "<group>"; };
		4953B9DF2517698B005BBCCC /* CategoriesVC.swift */ = {isa = PBXFileReference; lastKnownFileType = sourcecode.swift; path = CategoriesVC.swift; sourceTree = "<group>"; };
		4953B9E22517698B005BBCCC /* Base */ = {isa = PBXFileReference; lastKnownFileType = file.storyboard; name = Base; path = Base.lproj/Main.storyboard; sourceTree = "<group>"; };
		4953B9E42517698B005BBCCC /* Assets.xcassets */ = {isa = PBXFileReference; lastKnownFileType = folder.assetcatalog; path = Assets.xcassets; sourceTree = "<group>"; };
		4953B9E72517698B005BBCCC /* Base */ = {isa = PBXFileReference; lastKnownFileType = file.storyboard; name = Base; path = Base.lproj/LaunchScreen.storyboard; sourceTree = "<group>"; };
		4953B9E92517698B005BBCCC /* Info.plist */ = {isa = PBXFileReference; lastKnownFileType = text.plist.xml; path = Info.plist; sourceTree = "<group>"; };
		4953B9F525176E78005BBCCC /* CategoryCell.swift */ = {isa = PBXFileReference; lastKnownFileType = sourcecode.swift; path = CategoryCell.swift; sourceTree = "<group>"; };
		49D3AADF251791D60093A69B /* AppDelegate.swift */ = {isa = PBXFileReference; fileEncoding = 4; lastKnownFileType = sourcecode.swift; path = AppDelegate.swift; sourceTree = "<group>"; };
		49D5AD062517912600ECA745 /* DataService.swift */ = {isa = PBXFileReference; fileEncoding = 4; lastKnownFileType = sourcecode.swift; path = DataService.swift; sourceTree = "<group>"; };
		49D5AD092517913100ECA745 /* Category.swift */ = {isa = PBXFileReference; fileEncoding = 4; lastKnownFileType = sourcecode.swift; path = Category.swift; sourceTree = "<group>"; };
/* End PBXFileReference section */

/* Begin PBXFrameworksBuildPhase section */
		4953B9D52517698B005BBCCC /* Frameworks */ = {
			isa = PBXFrameworksBuildPhase;
			buildActionMask = 2147483647;
			files = (
			);
			runOnlyForDeploymentPostprocessing = 0;
		};
/* End PBXFrameworksBuildPhase section */

/* Begin PBXGroup section */
		4953B9CF2517698B005BBCCC = {
			isa = PBXGroup;
			children = (
				4953B9DA2517698B005BBCCC /* tableview-app */,
				4953B9D92517698B005BBCCC /* Products */,
			);
			sourceTree = "<group>";
		};
		4953B9D92517698B005BBCCC /* Products */ = {
			isa = PBXGroup;
			children = (
				4953B9D82517698B005BBCCC /* tableview-app.app */,
			);
			name = Products;
			sourceTree = "<group>";
		};
		4953B9DA2517698B005BBCCC /* tableview-app */ = {
			isa = PBXGroup;
			children = (
				49D3AADF251791D60093A69B /* AppDelegate.swift */,
				4953BA0525177CEC005BBCCC /* Services */,
				4953B9F3251769F3005BBCCC /* View */,
				4953B9F2251769E8005BBCCC /* Controller */,
				4953B9F1251769E0005BBCCC /* Model */,
				4953B9DD2517698B005BBCCC /* SceneDelegate.swift */,
				4953B9E12517698B005BBCCC /* Main.storyboard */,
				4953B9E42517698B005BBCCC /* Assets.xcassets */,
				4953B9E62517698B005BBCCC /* LaunchScreen.storyboard */,
				4953B9E92517698B005BBCCC /* Info.plist */,
			);
			path = "tableview-app";
			sourceTree = "<group>";
		};
		4953B9F1251769E0005BBCCC /* Model */ = {
			isa = PBXGroup;
			children = (
				49D5AD092517913100ECA745 /* Category.swift */,
			);
			path = Model;
			sourceTree = "<group>";
		};
		4953B9F2251769E8005BBCCC /* Controller */ = {
			isa = PBXGroup;
			children = (
				4953B9DF2517698B005BBCCC /* CategoriesVC.swift */,
			);
			path = Controller;
			sourceTree = "<group>";
		};
		4953B9F3251769F3005BBCCC /* View */ = {
			isa = PBXGroup;
			children = (
				4953B9F525176E78005BBCCC /* CategoryCell.swift */,
			);
			path = View;
			sourceTree = "<group>";
		};
		4953BA0525177CEC005BBCCC /* Services */ = {
			isa = PBXGroup;
			children = (
				49D5AD062517912600ECA745 /* DataService.swift */,
			);
			path = Services;
			sourceTree = "<group>";
		};
/* End PBXGroup section */

/* Begin PBXNativeTarget section */
		4953B9D72517698B005BBCCC /* tableview-app */ = {
			isa = PBXNativeTarget;
			buildConfigurationList = 4953B9EC2517698B005BBCCC /* Build configuration list for PBXNativeTarget "tableview-app" */;
			buildPhases = (
				4953B9D42517698B005BBCCC /* Sources */,
				4953B9D52517698B005BBCCC /* Frameworks */,
				4953B9D62517698B005BBCCC /* Resources */,
			);
			buildRules = (
			);
			dependencies = (
			);
			name = "tableview-app";
			productName = "tableview-app";
			productReference = 4953B9D82517698B005BBCCC /* tableview-app.app */;
			productType = "com.apple.product-type.application";
		};
/* End PBXNativeTarget section */

/* Begin PBXProject section */
		4953B9D02517698B005BBCCC /* Project object */ = {
			isa = PBXProject;
			attributes = {
				LastSwiftUpdateCheck = 1200;
				LastUpgradeCheck = 1200;
				TargetAttributes = {
					4953B9D72517698B005BBCCC = {
						CreatedOnToolsVersion = 12.0;
					};
				};
			};
			buildConfigurationList = 4953B9D32517698B005BBCCC /* Build configuration list for PBXProject "tableview-app" */;
			compatibilityVersion = "Xcode 9.3";
			developmentRegion = en;
			hasScannedForEncodings = 0;
			knownRegions = (
				en,
				Base,
			);
			mainGroup = 4953B9CF2517698B005BBCCC;
			productRefGroup = 4953B9D92517698B005BBCCC /* Products */;
			projectDirPath = "";
			projectRoot = "";
			targets = (
				4953B9D72517698B005BBCCC /* tableview-app */,
			);
		};
/* End PBXProject section */

/* Begin PBXResourcesBuildPhase section */
		4953B9D62517698B005BBCCC /* Resources */ = {
			isa = PBXResourcesBuildPhase;
			buildActionMask = 2147483647;
			files = (
				4953B9E82517698B005BBCCC /* LaunchScreen.storyboard in Resources */,
				4953B9E52517698B005BBCCC /* Assets.xcassets in Resources */,
				4953B9E32517698B005BBCCC /* Main.storyboard in Resources */,
			);
			runOnlyForDeploymentPostprocessing = 0;
		};
/* End PBXResourcesBuildPhase section */

/* Begin PBXSourcesBuildPhase section */
		4953B9D42517698B005BBCCC /* Sources */ = {
			isa = PBXSourcesBuildPhase;
			buildActionMask = 2147483647;
			files = (
				49D3AAE0251791D60093A69B /* AppDelegate.swift in Sources */,
				4953B9E02517698B005BBCCC /* CategoriesVC.swift in Sources */,
				49D5AD0A2517913100ECA745 /* Category.swift in Sources */,
				4953B9DE2517698B005BBCCC /* SceneDelegate.swift in Sources */,
				4953B9F625176E78005BBCCC /* CategoryCell.swift in Sources */,
				49D5AD072517912600ECA745 /* DataService.swift in Sources */,
			);
			runOnlyForDeploymentPostprocessing = 0;
		};
/* End PBXSourcesBuildPhase section */

/* Begin PBXVariantGroup section */
		4953B9E12517698B005BBCCC /* Main.storyboard */ = {
			isa = PBXVariantGroup;
			children = (
				4953B9E22517698B005BBCCC /* Base */,
			);
			name = Main.storyboard;
			sourceTree = "<group>";
		};
		4953B9E62517698B005BBCCC /* LaunchScreen.storyboard */ = {
			isa = PBXVariantGroup;
			children = (
				4953B9E72517698B005BBCCC /* Base */,
			);
			name = LaunchScreen.storyboard;
			sourceTree = "<group>";
		};
/* End PBXVariantGroup section */

/* Begin XCBuildConfiguration section */
		4953B9EA2517698B005BBCCC /* Debug */ = {
			isa = XCBuildConfiguration;
			buildSettings = {
				ALWAYS_SEARCH_USER_PATHS = NO;
				CLANG_ANALYZER_NONNULL = YES;
				CLANG_ANALYZER_NUMBER_OBJECT_CONVERSION = YES_AGGRESSIVE;
				CLANG_CXX_LANGUAGE_STANDARD = "gnu++14";
				CLANG_CXX_LIBRARY = "libc++";
				CLANG_ENABLE_MODULES = YES;
				CLANG_ENABLE_OBJC_ARC = YES;
				CLANG_ENABLE_OBJC_WEAK = YES;
				CLANG_WARN_BLOCK_CAPTURE_AUTORELEASING = YES;
				CLANG_WARN_BOOL_CONVERSION = YES;
				CLANG_WARN_COMMA = YES;
				CLANG_WARN_CONSTANT_CONVERSION = YES;
				CLANG_WARN_DEPRECATED_OBJC_IMPLEMENTATIONS = YES;
				CLANG_WARN_DIRECT_OBJC_ISA_USAGE = YES_ERROR;
				CLANG_WARN_DOCUMENTATION_COMMENTS = YES;
				CLANG_WARN_EMPTY_BODY = YES;
				CLANG_WARN_ENUM_CONVERSION = YES;
				CLANG_WARN_INFINITE_RECURSION = YES;
				CLANG_WARN_INT_CONVERSION = YES;
				CLANG_WARN_NON_LITERAL_NULL_CONVERSION = YES;
				CLANG_WARN_OBJC_IMPLICIT_RETAIN_SELF = YES;
				CLANG_WARN_OBJC_LITERAL_CONVERSION = YES;
				CLANG_WARN_OBJC_ROOT_CLASS = YES_ERROR;
				CLANG_WARN_QUOTED_INCLUDE_IN_FRAMEWORK_HEADER = YES;
				CLANG_WARN_RANGE_LOOP_ANALYSIS = YES;
				CLANG_WARN_STRICT_PROTOTYPES = YES;
				CLANG_WARN_SUSPICIOUS_MOVE = YES;
				CLANG_WARN_UNGUARDED_AVAILABILITY = YES_AGGRESSIVE;
				CLANG_WARN_UNREACHABLE_CODE = YES;
				CLANG_WARN__DUPLICATE_METHOD_MATCH = YES;
				COPY_PHASE_STRIP = NO;
				DEBUG_INFORMATION_FORMAT = dwarf;
				ENABLE_STRICT_OBJC_MSGSEND = YES;
				ENABLE_TESTABILITY = YES;
				GCC_C_LANGUAGE_STANDARD = gnu11;
				GCC_DYNAMIC_NO_PIC = NO;
				GCC_NO_COMMON_BLOCKS = YES;
				GCC_OPTIMIZATION_LEVEL = 0;
				GCC_PREPROCESSOR_DEFINITIONS = (
					"DEBUG=1",
					"$(inherited)",
				);
				GCC_WARN_64_TO_32_BIT_CONVERSION = YES;
				GCC_WARN_ABOUT_RETURN_TYPE = YES_ERROR;
				GCC_WARN_UNDECLARED_SELECTOR = YES;
				GCC_WARN_UNINITIALIZED_AUTOS = YES_AGGRESSIVE;
				GCC_WARN_UNUSED_FUNCTION = YES;
				GCC_WARN_UNUSED_VARIABLE = YES;
				IPHONEOS_DEPLOYMENT_TARGET = 14.0;
				MTL_ENABLE_DEBUG_INFO = INCLUDE_SOURCE;
				MTL_FAST_MATH = YES;
				ONLY_ACTIVE_ARCH = YES;
				SDKROOT = iphoneos;
				SWIFT_ACTIVE_COMPILATION_CONDITIONS = DEBUG;
				SWIFT_OPTIMIZATION_LEVEL = "-Onone";
			};
			name = Debug;
		};
		4953B9EB2517698B005BBCCC /* Release */ = {
			isa = XCBuildConfiguration;
			buildSettings = {
				ALWAYS_SEARCH_USER_PATHS = NO;
				CLANG_ANALYZER_NONNULL = YES;
				CLANG_ANALYZER_NUMBER_OBJECT_CONVERSION = YES_AGGRESSIVE;
				CLANG_CXX_LANGUAGE_STANDARD = "gnu++14";
				CLANG_CXX_LIBRARY = "libc++";
				CLANG_ENABLE_MODULES = YES;
				CLANG_ENABLE_OBJC_ARC = YES;
				CLANG_ENABLE_OBJC_WEAK = YES;
				CLANG_WARN_BLOCK_CAPTURE_AUTORELEASING = YES;
				CLANG_WARN_BOOL_CONVERSION = YES;
				CLANG_WARN_COMMA = YES;
				CLANG_WARN_CONSTANT_CONVERSION = YES;
				CLANG_WARN_DEPRECATED_OBJC_IMPLEMENTATIONS = YES;
				CLANG_WARN_DIRECT_OBJC_ISA_USAGE = YES_ERROR;
				CLANG_WARN_DOCUMENTATION_COMMENTS = YES;
				CLANG_WARN_EMPTY_BODY = YES;
				CLANG_WARN_ENUM_CONVERSION = YES;
				CLANG_WARN_INFINITE_RECURSION = YES;
				CLANG_WARN_INT_CONVERSION = YES;
				CLANG_WARN_NON_LITERAL_NULL_CONVERSION = YES;
				CLANG_WARN_OBJC_IMPLICIT_RETAIN_SELF = YES;
				CLANG_WARN_OBJC_LITERAL_CONVERSION = YES;
				CLANG_WARN_OBJC_ROOT_CLASS = YES_ERROR;
				CLANG_WARN_QUOTED_INCLUDE_IN_FRAMEWORK_HEADER = YES;
				CLANG_WARN_RANGE_LOOP_ANALYSIS = YES;
				CLANG_WARN_STRICT_PROTOTYPES = YES;
				CLANG_WARN_SUSPICIOUS_MOVE = YES;
				CLANG_WARN_UNGUARDED_AVAILABILITY = YES_AGGRESSIVE;
				CLANG_WARN_UNREACHABLE_CODE = YES;
				CLANG_WARN__DUPLICATE_METHOD_MATCH = YES;
				COPY_PHASE_STRIP = NO;
				DEBUG_INFORMATION_FORMAT = "dwarf-with-dsym";
				ENABLE_NS_ASSERTIONS = NO;
				ENABLE_STRICT_OBJC_MSGSEND = YES;
				GCC_C_LANGUAGE_STANDARD = gnu11;
				GCC_NO_COMMON_BLOCKS = YES;
				GCC_WARN_64_TO_32_BIT_CONVERSION = YES;
				GCC_WARN_ABOUT_RETURN_TYPE = YES_ERROR;
				GCC_WARN_UNDECLARED_SELECTOR = YES;
				GCC_WARN_UNINITIALIZED_AUTOS = YES_AGGRESSIVE;
				GCC_WARN_UNUSED_FUNCTION = YES;
				GCC_WARN_UNUSED_VARIABLE = YES;
				IPHONEOS_DEPLOYMENT_TARGET = 14.0;
				MTL_ENABLE_DEBUG_INFO = NO;
				MTL_FAST_MATH = YES;
				SDKROOT = iphoneos;
				SWIFT_COMPILATION_MODE = wholemodule;
				SWIFT_OPTIMIZATION_LEVEL = "-O";
				VALIDATE_PRODUCT = YES;
			};
			name = Release;
		};
		4953B9ED2517698B005BBCCC /* Debug */ = {
			isa = XCBuildConfiguration;
			buildSettings = {
				ASSETCATALOG_COMPILER_APPICON_NAME = AppIcon;
				ASSETCATALOG_COMPILER_GLOBAL_ACCENT_COLOR_NAME = AccentColor;
				CODE_SIGN_STYLE = Automatic;
				INFOPLIST_FILE = "tableview-app/Info.plist";
				IPHONEOS_DEPLOYMENT_TARGET = 13.0;
				LD_RUNPATH_SEARCH_PATHS = (
					"$(inherited)",
					"@executable_path/Frameworks",
				);
				PRODUCT_BUNDLE_IDENTIFIER = "andrewkin.tableview-app";
				PRODUCT_NAME = "$(TARGET_NAME)";
				SWIFT_VERSION = 5.0;
				TARGETED_DEVICE_FAMILY = 1;
			};
			name = Debug;
		};
		4953B9EE2517698B005BBCCC /* Release */ = {
			isa = XCBuildConfiguration;
			buildSettings = {
				ASSETCATALOG_COMPILER_APPICON_NAME = AppIcon;
				ASSETCATALOG_COMPILER_GLOBAL_ACCENT_COLOR_NAME = AccentColor;
				CODE_SIGN_STYLE = Automatic;
				INFOPLIST_FILE = "tableview-app/Info.plist";
				IPHONEOS_DEPLOYMENT_TARGET = 13.0;
				LD_RUNPATH_SEARCH_PATHS = (
					"$(inherited)",
					"@executable_path/Frameworks",
				);
				PRODUCT_BUNDLE_IDENTIFIER = "andrewkin.tableview-app";
				PRODUCT_NAME = "$(TARGET_NAME)";
				SWIFT_VERSION = 5.0;
				TARGETED_DEVICE_FAMILY = 1;
			};
			name = Release;
		};
/* End XCBuildConfiguration section */

/* Begin XCConfigurationList section */
		4953B9D32517698B005BBCCC /* Build configuration list for PBXProject "tableview-app" */ = {
			isa = XCConfigurationList;
			buildConfigurations = (
				4953B9EA2517698B005BBCCC /* Debug */,
				4953B9EB2517698B005BBCCC /* Release */,
			);
			defaultConfigurationIsVisible = 0;
			defaultConfigurationName = Release;
		};
		4953B9EC2517698B005BBCCC /* Build configuration list for PBXNativeTarget "tableview-app" */ = {
			isa = XCConfigurationList;
			buildConfigurations = (
				4953B9ED2517698B005BBCCC /* Debug */,
				4953B9EE2517698B005BBCCC /* Release */,
			);
			defaultConfigurationIsVisible = 0;
			defaultConfigurationName = Release;
		};
/* End XCConfigurationList section */
	};
	rootObject = 4953B9D02517698B005BBCCC /* Project object */;
}
